<?xml version="1.0" encoding="utf-8"?>
<Project ToolsVersion="4.0" xmlns="http://schemas.microsoft.com/developer/msbuild/2003">
  <ItemGroup>
    <Filter Include="Source Files">
      <UniqueIdentifier>{4FC737F1-C7A5-4376-A066-2A32D752A2FF}</UniqueIdentifier>
      <Extensions>cpp;c;cc;cxx;def;odl;idl;hpj;bat;asm;asmx</Extensions>
    </Filter>
    <Filter Include="Header Files">
      <UniqueIdentifier>{93995380-89BD-4b04-88EB-625FBE52EBFB}</UniqueIdentifier>
      <Extensions>h;hh;hpp;hxx;hm;inl;inc;ipp;xsd</Extensions>
    </Filter>
    <Filter Include="Resource Files">
      <UniqueIdentifier>{67DA6AB6-F800-4c08-8B7A-83BB121AAD01}</UniqueIdentifier>
      <Extensions>rc;ico;cur;bmp;dlg;rc2;rct;bin;rgs;gif;jpg;jpeg;jpe;resx;tiff;tif;png;wav;mfcribbon-ms</Extensions>
    </Filter>
    <Filter Include="Header Files\DXHeaders">
      <UniqueIdentifier>{f009a883-71ce-4f5c-809b-22b34d141fc7}</UniqueIdentifier>
    </Filter>
    <Filter Include="Source Files\DXSource">
      <UniqueIdentifier>{b3c2b1c7-557f-49c1-a335-84d525f3a3a1}</UniqueIdentifier>
    </Filter>
    <Filter Include="DxError">
      <UniqueIdentifier>{4f5783be-7bc6-4dab-a1be-e9cb8061eead}</UniqueIdentifier>
    </Filter>
    <Filter Include="ImGui">
      <UniqueIdentifier>{8e3a7cff-a081-4b1d-a96a-bb5099f25b6c}</UniqueIdentifier>
    </Filter>
  </ItemGroup>
  <ItemGroup>
    <ClCompile Include="source\JobManager.cpp">
      <Filter>Source Files</Filter>
    </ClCompile>
    <ClCompile Include="source\MemoryManager.cpp">
      <Filter>Source Files</Filter>
    </ClCompile>
    <ClCompile Include="source\MemoryAllocator.cpp">
      <Filter>Source Files</Filter>
    </ClCompile>
    <ClCompile Include="source\Main.cpp">
      <Filter>Source Files</Filter>
    </ClCompile>
    <ClCompile Include="source\Npc.cpp">
      <Filter>Source Files</Filter>
    </ClCompile>
    <ClCompile Include="source\Timer.cpp">
      <Filter>Source Files</Filter>
    </ClCompile>
    <ClCompile Include="source\NpcManager.cpp">
      <Filter>Source Files</Filter>
    </ClCompile>
    <ClCompile Include="source\App.cpp">
      <Filter>Source Files\DXSource</Filter>
    </ClCompile>
    <ClCompile Include="source\ExceptionHandler.cpp">
      <Filter>Source Files\DXSource</Filter>
    </ClCompile>
    <ClCompile Include="source\Graphics.cpp">
      <Filter>Source Files\DXSource</Filter>
    </ClCompile>
    <ClCompile Include="source\Keyboard.cpp">
      <Filter>Source Files\DXSource</Filter>
    </ClCompile>
    <ClCompile Include="source\Mouse.cpp">
      <Filter>Source Files\DXSource</Filter>
    </ClCompile>
    <ClCompile Include="source\Window.cpp">
      <Filter>Source Files\DXSource</Filter>
    </ClCompile>
    <ClCompile Include="source\WinMain.cpp">
      <Filter>Source Files\DXSource</Filter>
    </ClCompile>
    <ClCompile Include="source\DeltaTimer.cpp">
      <Filter>Source Files\DXSource</Filter>
    </ClCompile>
    <ClCompile Include="libs\dxerr\dxerr.cpp">
      <Filter>DxError</Filter>
    </ClCompile>
    <ClCompile Include="libs\imgui\imgui.cpp">
      <Filter>ImGui</Filter>
    </ClCompile>
    <ClCompile Include="libs\imgui\imgui_demo.cpp">
      <Filter>ImGui</Filter>
    </ClCompile>
    <ClCompile Include="libs\imgui\imgui_draw.cpp">
      <Filter>ImGui</Filter>
    </ClCompile>
    <ClCompile Include="libs\imgui\imgui_impl_dx11.cpp">
      <Filter>ImGui</Filter>
    </ClCompile>
    <ClCompile Include="libs\imgui\imgui_impl_win32.cpp">
      <Filter>ImGui</Filter>
    </ClCompile>
    <ClCompile Include="libs\imgui\imgui_widgets.cpp">
      <Filter>ImGui</Filter>
    </ClCompile>
    <ClCompile Include="source\ImguiManager.cpp">
      <Filter>Source Files\DXSource</Filter>
    </ClCompile>
  </ItemGroup>
  <ItemGroup>
    <ClInclude Include="includes\JobManager.h">
      <Filter>Header Files</Filter>
    </ClInclude>
    <ClInclude Include="includes\MemoryAllocator.h">
      <Filter>Header Files</Filter>
    </ClInclude>
    <ClInclude Include="includes\MemoryManager.h">
      <Filter>Header Files</Filter>
    </ClInclude>
    <ClInclude Include="includes\Npc.h">
      <Filter>Header Files</Filter>
    </ClInclude>
    <ClInclude Include="includes\NpcManager.h">
      <Filter>Header Files</Filter>
    </ClInclude>
    <ClInclude Include="includes\Timer.h">
      <Filter>Header Files</Filter>
    </ClInclude>
    <ClInclude Include="includes\App.h">
      <Filter>Header Files\DXHeaders</Filter>
    </ClInclude>
    <ClInclude Include="includes\ExceptionHandler.h">
      <Filter>Header Files\DXHeaders</Filter>
    </ClInclude>
    <ClInclude Include="includes\Graphics.h">
      <Filter>Header Files\DXHeaders</Filter>
    </ClInclude>
    <ClInclude Include="includes\Keyboard.h">
      <Filter>Header Files\DXHeaders</Filter>
    </ClInclude>
    <ClInclude Include="includes\Mouse.h">
      <Filter>Header Files\DXHeaders</Filter>
    </ClInclude>
    <ClInclude Include="includes\Window.h">
      <Filter>Header Files\DXHeaders</Filter>
    </ClInclude>
    <ClInclude Include="includes\WindowsCustomInclude.h">
      <Filter>Header Files\DXHeaders</Filter>
    </ClInclude>
    <ClInclude Include="includes\DeltaTimer.h">
      <Filter>Header Files\DXHeaders</Filter>
    </ClInclude>
    <ClInclude Include="libs\dxerr\dxerr.h">
      <Filter>DxError</Filter>
    </ClInclude>
    <ClInclude Include="libs\imgui\imconfig.h">
      <Filter>ImGui</Filter>
    </ClInclude>
    <ClInclude Include="libs\imgui\imgui.h">
      <Filter>ImGui</Filter>
    </ClInclude>
    <ClInclude Include="libs\imgui\imgui_impl_dx11.h">
      <Filter>ImGui</Filter>
    </ClInclude>
    <ClInclude Include="libs\imgui\imgui_impl_win32.h">
      <Filter>ImGui</Filter>
    </ClInclude>
    <ClInclude Include="libs\imgui\imgui_internal.h">
      <Filter>ImGui</Filter>
    </ClInclude>
    <ClInclude Include="libs\imgui\imstb_rectpack.h">
      <Filter>ImGui</Filter>
    </ClInclude>
    <ClInclude Include="libs\imgui\imstb_textedit.h">
      <Filter>ImGui</Filter>
    </ClInclude>
    <ClInclude Include="libs\imgui\imstb_truetype.h">
      <Filter>ImGui</Filter>
    </ClInclude>
    <ClInclude Include="includes\ImguiManager.h">
      <Filter>Header Files\DXHeaders</Filter>
    </ClInclude>
  </ItemGroup>
  <ItemGroup>
    <None Include="libs\dxerr\DXGetErrorDescription.inl">
      <Filter>DxError</Filter>
    </None>
    <None Include="libs\dxerr\DXGetErrorString.inl">
      <Filter>DxError</Filter>
    </None>
    <None Include="libs\dxerr\DXTrace.inl">
      <Filter>DxError</Filter>
    </None>
  </ItemGroup>
</Project>